
Microsoft Visual Studio Solution File, Format Version 12.00
# Visual Studio 15
VisualStudioVersion = 15.0.27130.2010
MinimumVisualStudioVersion = 10.0.40219.1
Project("{FAE04EC0-301F-11D3-BF4B-00C04F79EFBC}") = "API", "API\API.csproj", "{3B98E248-4BDA-4760-A580-7DB6C4C79AC6}"
EndProject
Project("{FAE04EC0-301F-11D3-BF4B-00C04F79EFBC}") = "Client", "Client\Client.csproj", "{9BCFD993-9786-4EB1-8ABD-EDA977A35FDB}"
EndProject
Global
	GlobalSection(SolutionConfigurationPlatforms) = preSolution
		Debug|Any CPU = Debug|Any CPU
		Release|Any CPU = Release|Any CPU
	EndGlobalSection
	GlobalSection(ProjectConfigurationPlatforms) = postSolution
		{3B98E248-4BDA-4760-A580-7DB6C4C79AC6}.Debug|Any CPU.ActiveCfg = Debug|Any CPU
		{3B98E248-4BDA-4760-A580-7DB6C4C79AC6}.Debug|Any CPU.Build.0 = Debug|Any CPU
		{3B98E248-4BDA-4760-A580-7DB6C4C79AC6}.Release|Any CPU.ActiveCfg = Release|Any CPU
		{3B98E248-4BDA-4760-A580-7DB6C4C79AC6}.Release|Any CPU.Build.0 = Release|Any CPU
		{9BCFD993-9786-4EB1-8ABD-EDA977A35FDB}.Debug|Any CPU.ActiveCfg = Debug|Any CPU
		{9BCFD993-9786-4EB1-8ABD-EDA977A35FDB}.Debug|Any CPU.Build.0 = Debug|Any CPU
		{9BCFD993-9786-4EB1-8ABD-EDA977A35FDB}.Release|Any CPU.ActiveCfg = Release|Any CPU
		{9BCFD993-9786-4EB1-8ABD-EDA977A35FDB}.Release|Any CPU.Build.0 = Release|Any CPU
	EndGlobalSection
	GlobalSection(SolutionProperties) = preSolution
		HideSolutionNode = FALSE
	EndGlobalSection
	GlobalSection(ExtensibilityGlobals) = postSolution
		SolutionGuid = {F0C106F9-E31A-4DF0-B174-69FD462302B4}
	EndGlobalSection
EndGlobal
